
Microsoft Visual Studio Solution File, Format Version 12.00
# Visual Studio Version 17
VisualStudioVersion = 17.10.35122.118
MinimumVisualStudioVersion = 10.0.40219.1
Project("{FAE04EC0-301F-11D3-BF4B-00C04F79EFBC}") = "BE.Api", "src\BE.Api\BE.Api.csproj", "{13553DA8-E298-455A-B38B-89690A9A7264}"
EndProject
Project("{FAE04EC0-301F-11D3-BF4B-00C04F79EFBC}") = "UnitTest", "test\UnitTest\UnitTest.csproj", "{30070CF1-ADBF-48F1-8FD0-EBB4AF2061EC}"
EndProject
Global
	GlobalSection(SolutionConfigurationPlatforms) = preSolution
		Debug|Any CPU = Debug|Any CPU
		Release|Any CPU = Release|Any CPU
	EndGlobalSection
	GlobalSection(ProjectConfigurationPlatforms) = postSolution
		{13553DA8-E298-455A-B38B-89690A9A7264}.Debug|Any CPU.ActiveCfg = Debug|Any CPU
		{13553DA8-E298-455A-B38B-89690A9A7264}.Debug|Any CPU.Build.0 = Debug|Any CPU
		{13553DA8-E298-455A-B38B-89690A9A7264}.Release|Any CPU.ActiveCfg = Release|Any CPU
		{13553DA8-E298-455A-B38B-89690A9A7264}.Release|Any CPU.Build.0 = Release|Any CPU
		{30070CF1-ADBF-48F1-8FD0-EBB4AF2061EC}.Debug|Any CPU.ActiveCfg = Debug|Any CPU
		{30070CF1-ADBF-48F1-8FD0-EBB4AF2061EC}.Debug|Any CPU.Build.0 = Debug|Any CPU
		{30070CF1-ADBF-48F1-8FD0-EBB4AF2061EC}.Release|Any CPU.ActiveCfg = Release|Any CPU
		{30070CF1-ADBF-48F1-8FD0-EBB4AF2061EC}.Release|Any CPU.Build.0 = Release|Any CPU
	EndGlobalSection
	GlobalSection(SolutionProperties) = preSolution
		HideSolutionNode = FALSE
	EndGlobalSection
	GlobalSection(ExtensibilityGlobals) = postSolution
		SolutionGuid = {67720EC1-9FC2-4A0A-B60F-62BA9FE00DCA}
	EndGlobalSection
EndGlobal
