
Microsoft Visual Studio Solution File, Format Version 12.00
# Visual Studio Version 17
VisualStudioVersion = 17.10.35122.118
MinimumVisualStudioVersion = 10.0.40219.1
Project("{9A19103F-16F7-4668-BE54-9A1E7A4F7556}") = "BE.Api", "Api.Host\BE.Api.csproj", "{C09D53DF-6378-49A6-BC99-8C46B17D4EE1}"
EndProject
Project("{FAE04EC0-301F-11D3-BF4B-00C04F79EFBC}") = "BE.Persistence", "BE.Persistence\BE.Persistence.csproj", "{270D4F18-9FFD-48B2-A3E5-D86294DC7247}"
EndProject
Project("{FAE04EC0-301F-11D3-BF4B-00C04F79EFBC}") = "BE.Domain", "BE.Domain\BE.Domain.csproj", "{0ED90694-6A05-42BD-ADCA-635C5B7E66D4}"
EndProject
Project("{FAE04EC0-301F-11D3-BF4B-00C04F79EFBC}") = "BE.Infrastructure", "BE.Infrastructure\BE.Infrastructure.csproj", "{E3CAAFCD-6472-4129-A7CF-011121A29F1F}"
EndProject
Project("{FAE04EC0-301F-11D3-BF4B-00C04F79EFBC}") = "BE.Application", "BE.Application\BE.Application.csproj", "{4E6118D1-546C-445C-B8DA-BF753CF96AF5}"
EndProject
Project("{2150E333-8FDC-42A3-9474-1A3956D46DE8}") = "codes", "codes", "{E760CA44-5C2E-4359-BF6A-F2358FE9E735}"
EndProject
Project("{2150E333-8FDC-42A3-9474-1A3956D46DE8}") = "tests", "tests", "{4F77FADA-D415-4849-9FBF-F756F3DAB08D}"
EndProject
Project("{FAE04EC0-301F-11D3-BF4B-00C04F79EFBC}") = "UnitTest", "UnitTest\UnitTest.csproj", "{CC6A861F-8FDD-4B71-BCF3-588340764C03}"
EndProject
Global
	GlobalSection(SolutionConfigurationPlatforms) = preSolution
		Debug|Any CPU = Debug|Any CPU
		Release|Any CPU = Release|Any CPU
	EndGlobalSection
	GlobalSection(ProjectConfigurationPlatforms) = postSolution
		{C09D53DF-6378-49A6-BC99-8C46B17D4EE1}.Debug|Any CPU.ActiveCfg = Debug|Any CPU
		{C09D53DF-6378-49A6-BC99-8C46B17D4EE1}.Debug|Any CPU.Build.0 = Debug|Any CPU
		{C09D53DF-6378-49A6-BC99-8C46B17D4EE1}.Release|Any CPU.ActiveCfg = Release|Any CPU
		{C09D53DF-6378-49A6-BC99-8C46B17D4EE1}.Release|Any CPU.Build.0 = Release|Any CPU
		{270D4F18-9FFD-48B2-A3E5-D86294DC7247}.Debug|Any CPU.ActiveCfg = Debug|Any CPU
		{270D4F18-9FFD-48B2-A3E5-D86294DC7247}.Debug|Any CPU.Build.0 = Debug|Any CPU
		{270D4F18-9FFD-48B2-A3E5-D86294DC7247}.Release|Any CPU.ActiveCfg = Release|Any CPU
		{270D4F18-9FFD-48B2-A3E5-D86294DC7247}.Release|Any CPU.Build.0 = Release|Any CPU
		{0ED90694-6A05-42BD-ADCA-635C5B7E66D4}.Debug|Any CPU.ActiveCfg = Debug|Any CPU
		{0ED90694-6A05-42BD-ADCA-635C5B7E66D4}.Debug|Any CPU.Build.0 = Debug|Any CPU
		{0ED90694-6A05-42BD-ADCA-635C5B7E66D4}.Release|Any CPU.ActiveCfg = Release|Any CPU
		{0ED90694-6A05-42BD-ADCA-635C5B7E66D4}.Release|Any CPU.Build.0 = Release|Any CPU
		{E3CAAFCD-6472-4129-A7CF-011121A29F1F}.Debug|Any CPU.ActiveCfg = Debug|Any CPU
		{E3CAAFCD-6472-4129-A7CF-011121A29F1F}.Debug|Any CPU.Build.0 = Debug|Any CPU
		{E3CAAFCD-6472-4129-A7CF-011121A29F1F}.Release|Any CPU.ActiveCfg = Release|Any CPU
		{E3CAAFCD-6472-4129-A7CF-011121A29F1F}.Release|Any CPU.Build.0 = Release|Any CPU
		{4E6118D1-546C-445C-B8DA-BF753CF96AF5}.Debug|Any CPU.ActiveCfg = Debug|Any CPU
		{4E6118D1-546C-445C-B8DA-BF753CF96AF5}.Debug|Any CPU.Build.0 = Debug|Any CPU
		{4E6118D1-546C-445C-B8DA-BF753CF96AF5}.Release|Any CPU.ActiveCfg = Release|Any CPU
		{4E6118D1-546C-445C-B8DA-BF753CF96AF5}.Release|Any CPU.Build.0 = Release|Any CPU
		{CC6A861F-8FDD-4B71-BCF3-588340764C03}.Debug|Any CPU.ActiveCfg = Debug|Any CPU
		{CC6A861F-8FDD-4B71-BCF3-588340764C03}.Debug|Any CPU.Build.0 = Debug|Any CPU
		{CC6A861F-8FDD-4B71-BCF3-588340764C03}.Release|Any CPU.ActiveCfg = Release|Any CPU
		{CC6A861F-8FDD-4B71-BCF3-588340764C03}.Release|Any CPU.Build.0 = Release|Any CPU
	EndGlobalSection
	GlobalSection(SolutionProperties) = preSolution
		HideSolutionNode = FALSE
	EndGlobalSection
	GlobalSection(NestedProjects) = preSolution
		{C09D53DF-6378-49A6-BC99-8C46B17D4EE1} = {E760CA44-5C2E-4359-BF6A-F2358FE9E735}
		{270D4F18-9FFD-48B2-A3E5-D86294DC7247} = {E760CA44-5C2E-4359-BF6A-F2358FE9E735}
		{0ED90694-6A05-42BD-ADCA-635C5B7E66D4} = {E760CA44-5C2E-4359-BF6A-F2358FE9E735}
		{E3CAAFCD-6472-4129-A7CF-011121A29F1F} = {E760CA44-5C2E-4359-BF6A-F2358FE9E735}
		{4E6118D1-546C-445C-B8DA-BF753CF96AF5} = {E760CA44-5C2E-4359-BF6A-F2358FE9E735}
		{CC6A861F-8FDD-4B71-BCF3-588340764C03} = {4F77FADA-D415-4849-9FBF-F756F3DAB08D}
	EndGlobalSection
	GlobalSection(ExtensibilityGlobals) = postSolution
		SolutionGuid = {BCB10C3B-E2D9-496B-8AFA-2397371C6DD1}
	EndGlobalSection
EndGlobal
