
Microsoft Visual Studio Solution File, Format Version 12.00
# Visual Studio Version 17
VisualStudioVersion = 17.10.35122.118
MinimumVisualStudioVersion = 10.0.40219.1
Project("{FAE04EC0-301F-11D3-BF4B-00C04F79EFBC}") = "BE.Domain", "codes\BE.Domain\BE.Domain.csproj", "{5FB617AB-4468-40EB-85B9-E772334C938D}"
EndProject
Project("{FAE04EC0-301F-11D3-BF4B-00C04F79EFBC}") = "UnitTest", "tests\UnitTest\UnitTest.csproj", "{0701EEF0-C52C-47F4-8038-4D402668A511}"
EndProject
Global
	GlobalSection(SolutionConfigurationPlatforms) = preSolution
		Debug|Any CPU = Debug|Any CPU
		Release|Any CPU = Release|Any CPU
	EndGlobalSection
	GlobalSection(ProjectConfigurationPlatforms) = postSolution
		{5FB617AB-4468-40EB-85B9-E772334C938D}.Debug|Any CPU.ActiveCfg = Debug|Any CPU
		{5FB617AB-4468-40EB-85B9-E772334C938D}.Debug|Any CPU.Build.0 = Debug|Any CPU
		{5FB617AB-4468-40EB-85B9-E772334C938D}.Release|Any CPU.ActiveCfg = Release|Any CPU
		{5FB617AB-4468-40EB-85B9-E772334C938D}.Release|Any CPU.Build.0 = Release|Any CPU
		{0701EEF0-C52C-47F4-8038-4D402668A511}.Debug|Any CPU.ActiveCfg = Debug|Any CPU
		{0701EEF0-C52C-47F4-8038-4D402668A511}.Debug|Any CPU.Build.0 = Debug|Any CPU
		{0701EEF0-C52C-47F4-8038-4D402668A511}.Release|Any CPU.ActiveCfg = Release|Any CPU
		{0701EEF0-C52C-47F4-8038-4D402668A511}.Release|Any CPU.Build.0 = Release|Any CPU
	EndGlobalSection
	GlobalSection(SolutionProperties) = preSolution
		HideSolutionNode = FALSE
	EndGlobalSection
	GlobalSection(ExtensibilityGlobals) = postSolution
		SolutionGuid = {148ECDA0-9C45-4530-B198-690D38AE1CD0}
	EndGlobalSection
EndGlobal
